// !$*UTF8*$!
{
	archiveVersion = 1;
	classes = {
	};
	objectVersion = 52;
	objects = {

/* Begin PBXBuildFile section */
		110703B6695437AC599D97B9 /* Pods_Connecto.framework in Frameworks */ = {isa = PBXBuildFile; fileRef = 5A0D864957651236DBFDAAEE /* Pods_Connecto.framework */; };
		8F0F53442479D1C4006AB91C /* OgaiViewController.swift in Sources */ = {isa = PBXBuildFile; fileRef = 8F0F53432479D1C4006AB91C /* OgaiViewController.swift */; };
		8F2F2E9424784532009A5E86 /* CurvedButtonExtension.swift in Sources */ = {isa = PBXBuildFile; fileRef = 8F2F2E9324784532009A5E86 /* CurvedButtonExtension.swift */; };
		8F37F93A248E9FFE00C9CCBF /* ChatBubbleCellooU.swift in Sources */ = {isa = PBXBuildFile; fileRef = 8F37F938248E9FFE00C9CCBF /* ChatBubbleCellooU.swift */; };
		8F37F93B248E9FFE00C9CCBF /* ChatBubbleCellooU.xib in Resources */ = {isa = PBXBuildFile; fileRef = 8F37F939248E9FFE00C9CCBF /* ChatBubbleCellooU.xib */; };
		8F37F93D248EECF000C9CCBF /* iMessTviExtension.swift in Sources */ = {isa = PBXBuildFile; fileRef = 8F37F93C248EECF000C9CCBF /* iMessTviExtension.swift */; };
		8F5B3069247AE35600EE7AA0 /* iMessViewController.swift in Sources */ = {isa = PBXBuildFile; fileRef = 8F5B3068247AE35600EE7AA0 /* iMessViewController.swift */; };
		8F5B306B247AEA1600EE7AA0 /* CrossDissolve.swift in Sources */ = {isa = PBXBuildFile; fileRef = 8F5B306A247AEA1600EE7AA0 /* CrossDissolve.swift */; };
		8F756BFF2475EAEE00142787 /* AppDelegate.swift in Sources */ = {isa = PBXBuildFile; fileRef = 8F756BFE2475EAEE00142787 /* AppDelegate.swift */; };
		8F756C012475EAEE00142787 /* SceneDelegate.swift in Sources */ = {isa = PBXBuildFile; fileRef = 8F756C002475EAEE00142787 /* SceneDelegate.swift */; };
		8F756C032475EAEE00142787 /* KaoViewController.swift in Sources */ = {isa = PBXBuildFile; fileRef = 8F756C022475EAEE00142787 /* KaoViewController.swift */; };
		8F756C062475EAEE00142787 /* Main.storyboard in Resources */ = {isa = PBXBuildFile; fileRef = 8F756C042475EAEE00142787 /* Main.storyboard */; };
		8F756C082475EAF400142787 /* Assets.xcassets in Resources */ = {isa = PBXBuildFile; fileRef = 8F756C072475EAF400142787 /* Assets.xcassets */; };
		8F756C0B2475EAF400142787 /* LaunchScreen.storyboard in Resources */ = {isa = PBXBuildFile; fileRef = 8F756C092475EAF400142787 /* LaunchScreen.storyboard */; };
		8F95B5C4248AA7E30039DDBC /* ExpansionSegue.swift in Sources */ = {isa = PBXBuildFile; fileRef = 8F95B5C3248AA7E30039DDBC /* ExpansionSegue.swift */; };
		8FA9B2E82491A4E2002A9923 /* SurprisedPikachu.gif in Resources */ = {isa = PBXBuildFile; fileRef = 8FA9B2E72491A4E2002A9923 /* SurprisedPikachu.gif */; };
		8FA9B2EA2491A55C002A9923 /* GifViewController.swift in Sources */ = {isa = PBXBuildFile; fileRef = 8FA9B2E92491A55C002A9923 /* GifViewController.swift */; };
		8FA9B2EC2491A753002A9923 /* GIFHandler.swift in Sources */ = {isa = PBXBuildFile; fileRef = 8FA9B2EB2491A753002A9923 /* GIFHandler.swift */; };
		8FAF76012481B0EB00557525 /* IQKeyboardManagerSwift in Frameworks */ = {isa = PBXBuildFile; productRef = 8FAF76002481B0EB00557525 /* IQKeyboardManagerSwift */; };
		8FEEC593247C606C00488FCD /* iMess.swift in Sources */ = {isa = PBXBuildFile; fileRef = 8FEEC592247C606C00488FCD /* iMess.swift */; };
		8FEEC597247C656D00488FCD /* ChatBubbleCellooMi.swift in Sources */ = {isa = PBXBuildFile; fileRef = 8FEEC595247C656D00488FCD /* ChatBubbleCellooMi.swift */; };
		8FEEC598247C656D00488FCD /* ChatBubbleCellooMi.xib in Resources */ = {isa = PBXBuildFile; fileRef = 8FEEC596247C656D00488FCD /* ChatBubbleCellooMi.xib */; };
		8FF4D4B5249856650031756A /* AlertFormula.swift in Sources */ = {isa = PBXBuildFile; fileRef = 8FF4D4B4249856650031756A /* AlertFormula.swift */; };
		8FF92154247986220012A637 /* GoogleService-Info.plist in Resources */ = {isa = PBXBuildFile; fileRef = 8FF92153247986220012A637 /* GoogleService-Info.plist */; };
		8FF921562479960A0012A637 /* GistaViewController.swift in Sources */ = {isa = PBXBuildFile; fileRef = 8FF921552479960A0012A637 /* GistaViewController.swift */; };
		8FF9215824799CB70012A637 /* GloballyUsed.swift in Sources */ = {isa = PBXBuildFile; fileRef = 8FF9215724799CB70012A637 /* GloballyUsed.swift */; };
/* End PBXBuildFile section */

/* Begin PBXFileReference section */
		3EE78CDD0CB2899DADF4F808 /* Pods-Connecto.debug.xcconfig */ = {isa = PBXFileReference; includeInIndex = 1; lastKnownFileType = text.xcconfig; name = "Pods-Connecto.debug.xcconfig"; path = "Target Support Files/Pods-Connecto/Pods-Connecto.debug.xcconfig"; sourceTree = "<group>"; };
		5A0D864957651236DBFDAAEE /* Pods_Connecto.framework */ = {isa = PBXFileReference; explicitFileType = wrapper.framework; includeInIndex = 0; path = Pods_Connecto.framework; sourceTree = BUILT_PRODUCTS_DIR; };
		7724E9231B9953BFAE948B61 /* Pods-Connecto.release.xcconfig */ = {isa = PBXFileReference; includeInIndex = 1; lastKnownFileType = text.xcconfig; name = "Pods-Connecto.release.xcconfig"; path = "Target Support Files/Pods-Connecto/Pods-Connecto.release.xcconfig"; sourceTree = "<group>"; };
		8F0F53432479D1C4006AB91C /* OgaiViewController.swift */ = {isa = PBXFileReference; lastKnownFileType = sourcecode.swift; path = OgaiViewController.swift; sourceTree = "<group>"; };
		8F2F2E9324784532009A5E86 /* CurvedButtonExtension.swift */ = {isa = PBXFileReference; lastKnownFileType = sourcecode.swift; path = CurvedButtonExtension.swift; sourceTree = "<group>"; };
		8F37F938248E9FFE00C9CCBF /* ChatBubbleCellooU.swift */ = {isa = PBXFileReference; lastKnownFileType = sourcecode.swift; path = ChatBubbleCellooU.swift; sourceTree = "<group>"; };
		8F37F939248E9FFE00C9CCBF /* ChatBubbleCellooU.xib */ = {isa = PBXFileReference; lastKnownFileType = file.xib; path = ChatBubbleCellooU.xib; sourceTree = "<group>"; };
		8F37F93C248EECF000C9CCBF /* iMessTviExtension.swift */ = {isa = PBXFileReference; lastKnownFileType = sourcecode.swift; path = iMessTviExtension.swift; sourceTree = "<group>"; };
		8F5B3068247AE35600EE7AA0 /* iMessViewController.swift */ = {isa = PBXFileReference; lastKnownFileType = sourcecode.swift; path = iMessViewController.swift; sourceTree = "<group>"; };
		8F5B306A247AEA1600EE7AA0 /* CrossDissolve.swift */ = {isa = PBXFileReference; lastKnownFileType = sourcecode.swift; path = CrossDissolve.swift; sourceTree = "<group>"; };
		8F756BFB2475EAEE00142787 /* Connecto.app */ = {isa = PBXFileReference; explicitFileType = wrapper.application; includeInIndex = 0; path = Connecto.app; sourceTree = BUILT_PRODUCTS_DIR; };
		8F756BFE2475EAEE00142787 /* AppDelegate.swift */ = {isa = PBXFileReference; lastKnownFileType = sourcecode.swift; path = AppDelegate.swift; sourceTree = "<group>"; };
		8F756C002475EAEE00142787 /* SceneDelegate.swift */ = {isa = PBXFileReference; lastKnownFileType = sourcecode.swift; path = SceneDelegate.swift; sourceTree = "<group>"; };
		8F756C022475EAEE00142787 /* KaoViewController.swift */ = {isa = PBXFileReference; lastKnownFileType = sourcecode.swift; path = KaoViewController.swift; sourceTree = "<group>"; };
		8F756C052475EAEE00142787 /* Base */ = {isa = PBXFileReference; lastKnownFileType = file.storyboard; name = Base; path = Base.lproj/Main.storyboard; sourceTree = "<group>"; };
		8F756C072475EAF400142787 /* Assets.xcassets */ = {isa = PBXFileReference; lastKnownFileType = folder.assetcatalog; path = Assets.xcassets; sourceTree = "<group>"; };
		8F756C0A2475EAF400142787 /* Base */ = {isa = PBXFileReference; lastKnownFileType = file.storyboard; name = Base; path = Base.lproj/LaunchScreen.storyboard; sourceTree = "<group>"; };
		8F756C0C2475EAF400142787 /* Info.plist */ = {isa = PBXFileReference; lastKnownFileType = text.plist.xml; path = Info.plist; sourceTree = "<group>"; };
		8F95B5C3248AA7E30039DDBC /* ExpansionSegue.swift */ = {isa = PBXFileReference; lastKnownFileType = sourcecode.swift; path = ExpansionSegue.swift; sourceTree = "<group>"; };
		8FA9B2E72491A4E2002A9923 /* SurprisedPikachu.gif */ = {isa = PBXFileReference; lastKnownFileType = image.gif; path = SurprisedPikachu.gif; sourceTree = "<group>"; };
		8FA9B2E92491A55C002A9923 /* GifViewController.swift */ = {isa = PBXFileReference; lastKnownFileType = sourcecode.swift; path = GifViewController.swift; sourceTree = "<group>"; };
		8FA9B2EB2491A753002A9923 /* GIFHandler.swift */ = {isa = PBXFileReference; lastKnownFileType = sourcecode.swift; path = GIFHandler.swift; sourceTree = "<group>"; };
		8FEEC592247C606C00488FCD /* iMess.swift */ = {isa = PBXFileReference; lastKnownFileType = sourcecode.swift; path = iMess.swift; sourceTree = "<group>"; };
		8FEEC595247C656D00488FCD /* ChatBubbleCellooMi.swift */ = {isa = PBXFileReference; lastKnownFileType = sourcecode.swift; path = ChatBubbleCellooMi.swift; sourceTree = "<group>"; };
		8FEEC596247C656D00488FCD /* ChatBubbleCellooMi.xib */ = {isa = PBXFileReference; lastKnownFileType = file.xib; path = ChatBubbleCellooMi.xib; sourceTree = "<group>"; };
		8FF4D4B4249856650031756A /* AlertFormula.swift */ = {isa = PBXFileReference; lastKnownFileType = sourcecode.swift; path = AlertFormula.swift; sourceTree = "<group>"; };
		8FF92153247986220012A637 /* GoogleService-Info.plist */ = {isa = PBXFileReference; fileEncoding = 4; lastKnownFileType = text.plist.xml; path = "GoogleService-Info.plist"; sourceTree = "<group>"; };
		8FF921552479960A0012A637 /* GistaViewController.swift */ = {isa = PBXFileReference; lastKnownFileType = sourcecode.swift; name = GistaViewController.swift; path = Connecto/Assets.xcassets/GistaViewController.swift; sourceTree = SOURCE_ROOT; };
		8FF9215724799CB70012A637 /* GloballyUsed.swift */ = {isa = PBXFileReference; lastKnownFileType = sourcecode.swift; path = GloballyUsed.swift; sourceTree = "<group>"; };
/* End PBXFileReference section */

/* Begin PBXFrameworksBuildPhase section */
		8F756BF82475EAEE00142787 /* Frameworks */ = {
			isa = PBXFrameworksBuildPhase;
			buildActionMask = 2147483647;
			files = (
				110703B6695437AC599D97B9 /* Pods_Connecto.framework in Frameworks */,
				8FAF76012481B0EB00557525 /* IQKeyboardManagerSwift in Frameworks */,
			);
			runOnlyForDeploymentPostprocessing = 0;
		};
/* End PBXFrameworksBuildPhase section */

/* Begin PBXGroup section */
		5246594E25211B13177C6F3B /* Frameworks */ = {
			isa = PBXGroup;
			children = (
				5A0D864957651236DBFDAAEE /* Pods_Connecto.framework */,
			);
			name = Frameworks;
			sourceTree = "<group>";
		};
		8F2F2E9524786B55009A5E86 /* ViewControls */ = {
			isa = PBXGroup;
			children = (
				8F5B3068247AE35600EE7AA0 /* iMessViewController.swift */,
				8FF921552479960A0012A637 /* GistaViewController.swift */,
				8F756C022475EAEE00142787 /* KaoViewController.swift */,
				8F0F53432479D1C4006AB91C /* OgaiViewController.swift */,
				8FA9B2E92491A55C002A9923 /* GifViewController.swift */,
			);
			path = ViewControls;
			sourceTree = "<group>";
		};
		8F2F2E9624786B78009A5E86 /* Views */ = {
			isa = PBXGroup;
			children = (
				8F37F93C248EECF000C9CCBF /* iMessTviExtension.swift */,
				8F2F2E9324784532009A5E86 /* CurvedButtonExtension.swift */,
				8F5B306A247AEA1600EE7AA0 /* CrossDissolve.swift */,
				8F95B5C3248AA7E30039DDBC /* ExpansionSegue.swift */,
				8FA9B2EB2491A753002A9923 /* GIFHandler.swift */,
				8FA9B2E72491A4E2002A9923 /* SurprisedPikachu.gif */,
			);
			path = Views;
			sourceTree = "<group>";
		};
		8F756BF22475EAEE00142787 = {
			isa = PBXGroup;
			children = (
				8F756BFD2475EAEE00142787 /* Connecto */,
				8F756BFC2475EAEE00142787 /* Products */,
				926B948A4A6EAD2223616F39 /* Pods */,
				5246594E25211B13177C6F3B /* Frameworks */,
			);
			sourceTree = "<group>";
		};
		8F756BFC2475EAEE00142787 /* Products */ = {
			isa = PBXGroup;
			children = (
				8F756BFB2475EAEE00142787 /* Connecto.app */,
			);
			name = Products;
			sourceTree = "<group>";
		};
		8F756BFD2475EAEE00142787 /* Connecto */ = {
			isa = PBXGroup;
			children = (
				8F756BFE2475EAEE00142787 /* AppDelegate.swift */,
				8F756C002475EAEE00142787 /* SceneDelegate.swift */,
				8F2F2E9524786B55009A5E86 /* ViewControls */,
				8F756C042475EAEE00142787 /* Main.storyboard */,
				8FEEC594247C643500488FCD /* Models */,
				8F845FDC247E1B8B00B79C76 /* Cells */,
				8F2F2E9624786B78009A5E86 /* Views */,
				8F756C072475EAF400142787 /* Assets.xcassets */,
				8F756C092475EAF400142787 /* LaunchScreen.storyboard */,
				8F756C0C2475EAF400142787 /* Info.plist */,
				8FF92153247986220012A637 /* GoogleService-Info.plist */,
			);
			path = Connecto;
			sourceTree = "<group>";
		};
		8F845FDC247E1B8B00B79C76 /* Cells */ = {
			isa = PBXGroup;
			children = (
				8FEEC596247C656D00488FCD /* ChatBubbleCellooMi.xib */,
				8FEEC595247C656D00488FCD /* ChatBubbleCellooMi.swift */,
				8F37F938248E9FFE00C9CCBF /* ChatBubbleCellooU.swift */,
				8F37F939248E9FFE00C9CCBF /* ChatBubbleCellooU.xib */,
			);
			path = Cells;
			sourceTree = "<group>";
		};
		8FEEC594247C643500488FCD /* Models */ = {
			isa = PBXGroup;
			children = (
				8FF9215724799CB70012A637 /* GloballyUsed.swift */,
				8FEEC592247C606C00488FCD /* iMess.swift */,
				8FF4D4B4249856650031756A /* AlertFormula.swift */,
			);
			path = Models;
			sourceTree = "<group>";
		};
		926B948A4A6EAD2223616F39 /* Pods */ = {
			isa = PBXGroup;
			children = (
				3EE78CDD0CB2899DADF4F808 /* Pods-Connecto.debug.xcconfig */,
				7724E9231B9953BFAE948B61 /* Pods-Connecto.release.xcconfig */,
			);
			path = Pods;
			sourceTree = "<group>";
		};
/* End PBXGroup section */

/* Begin PBXNativeTarget section */
		8F756BFA2475EAEE00142787 /* Connecto */ = {
			isa = PBXNativeTarget;
			buildConfigurationList = 8F756C0F2475EAF400142787 /* Build configuration list for PBXNativeTarget "Connecto" */;
			buildPhases = (
				BA2E84500E2FDBFB7E50A57F /* [CP] Check Pods Manifest.lock */,
				8F756BF72475EAEE00142787 /* Sources */,
				8F756BF82475EAEE00142787 /* Frameworks */,
				8F756BF92475EAEE00142787 /* Resources */,
				69CC25B19C6B3BDE95E4A848 /* [CP] Embed Pods Frameworks */,
			);
			buildRules = (
			);
			dependencies = (
			);
			name = Connecto;
			packageProductDependencies = (
				8FAF76002481B0EB00557525 /* IQKeyboardManagerSwift */,
			);
			productName = Connecto;
			productReference = 8F756BFB2475EAEE00142787 /* Connecto.app */;
			productType = "com.apple.product-type.application";
		};
/* End PBXNativeTarget section */

/* Begin PBXProject section */
		8F756BF32475EAEE00142787 /* Project object */ = {
			isa = PBXProject;
			attributes = {
				LastSwiftUpdateCheck = 1140;
				LastUpgradeCheck = 1140;
				ORGANIZATIONNAME = "Jerry Ren";
				TargetAttributes = {
					8F756BFA2475EAEE00142787 = {
						CreatedOnToolsVersion = 11.4.1;
					};
				};
			};
			buildConfigurationList = 8F756BF62475EAEE00142787 /* Build configuration list for PBXProject "Connecto" */;
			compatibilityVersion = "Xcode 9.3";
			developmentRegion = en;
			hasScannedForEncodings = 0;
			knownRegions = (
				en,
				Base,
			);
			mainGroup = 8F756BF22475EAEE00142787;
			packageReferences = (
				8FAF75FF2481B0EB00557525 /* XCRemoteSwiftPackageReference "IQKeyboardManager" */,
			);
			productRefGroup = 8F756BFC2475EAEE00142787 /* Products */;
			projectDirPath = "";
			projectRoot = "";
			targets = (
				8F756BFA2475EAEE00142787 /* Connecto */,
			);
		};
/* End PBXProject section */

/* Begin PBXResourcesBuildPhase section */
		8F756BF92475EAEE00142787 /* Resources */ = {
			isa = PBXResourcesBuildPhase;
			buildActionMask = 2147483647;
			files = (
				8F756C0B2475EAF400142787 /* LaunchScreen.storyboard in Resources */,
				8FF92154247986220012A637 /* GoogleService-Info.plist in Resources */,
				8F756C082475EAF400142787 /* Assets.xcassets in Resources */,
				8F37F93B248E9FFE00C9CCBF /* ChatBubbleCellooU.xib in Resources */,
				8FA9B2E82491A4E2002A9923 /* SurprisedPikachu.gif in Resources */,
				8F756C062475EAEE00142787 /* Main.storyboard in Resources */,
				8FEEC598247C656D00488FCD /* ChatBubbleCellooMi.xib in Resources */,
			);
			runOnlyForDeploymentPostprocessing = 0;
		};
/* End PBXResourcesBuildPhase section */

/* Begin PBXShellScriptBuildPhase section */
		69CC25B19C6B3BDE95E4A848 /* [CP] Embed Pods Frameworks */ = {
			isa = PBXShellScriptBuildPhase;
			buildActionMask = 2147483647;
			files = (
			);
			inputFileListPaths = (
				"${PODS_ROOT}/Target Support Files/Pods-Connecto/Pods-Connecto-frameworks-${CONFIGURATION}-input-files.xcfilelist",
			);
			name = "[CP] Embed Pods Frameworks";
			outputFileListPaths = (
				"${PODS_ROOT}/Target Support Files/Pods-Connecto/Pods-Connecto-frameworks-${CONFIGURATION}-output-files.xcfilelist",
			);
			runOnlyForDeploymentPostprocessing = 0;
			shellPath = /bin/sh;
			shellScript = "\"${PODS_ROOT}/Target Support Files/Pods-Connecto/Pods-Connecto-frameworks.sh\"\n";
			showEnvVarsInLog = 0;
		};
		BA2E84500E2FDBFB7E50A57F /* [CP] Check Pods Manifest.lock */ = {
			isa = PBXShellScriptBuildPhase;
			buildActionMask = 2147483647;
			files = (
			);
			inputFileListPaths = (
			);
			inputPaths = (
				"${PODS_PODFILE_DIR_PATH}/Podfile.lock",
				"${PODS_ROOT}/Manifest.lock",
			);
			name = "[CP] Check Pods Manifest.lock";
			outputFileListPaths = (
			);
			outputPaths = (
				"$(DERIVED_FILE_DIR)/Pods-Connecto-checkManifestLockResult.txt",
			);
			runOnlyForDeploymentPostprocessing = 0;
			shellPath = /bin/sh;
			shellScript = "diff \"${PODS_PODFILE_DIR_PATH}/Podfile.lock\" \"${PODS_ROOT}/Manifest.lock\" > /dev/null\nif [ $? != 0 ] ; then\n    # print error to STDERR\n    echo \"error: The sandbox is not in sync with the Podfile.lock. Run 'pod install' or update your CocoaPods installation.\" >&2\n    exit 1\nfi\n# This output is used by Xcode 'outputs' to avoid re-running this script phase.\necho \"SUCCESS\" > \"${SCRIPT_OUTPUT_FILE_0}\"\n";
			showEnvVarsInLog = 0;
		};
/* End PBXShellScriptBuildPhase section */

/* Begin PBXSourcesBuildPhase section */
		8F756BF72475EAEE00142787 /* Sources */ = {
			isa = PBXSourcesBuildPhase;
			buildActionMask = 2147483647;
			files = (
				8FF921562479960A0012A637 /* GistaViewController.swift in Sources */,
				8FEEC593247C606C00488FCD /* iMess.swift in Sources */,
				8F2F2E9424784532009A5E86 /* CurvedButtonExtension.swift in Sources */,
				8F0F53442479D1C4006AB91C /* OgaiViewController.swift in Sources */,
				8F37F93A248E9FFE00C9CCBF /* ChatBubbleCellooU.swift in Sources */,
				8F756C032475EAEE00142787 /* KaoViewController.swift in Sources */,
				8FF4D4B5249856650031756A /* AlertFormula.swift in Sources */,
				8F95B5C4248AA7E30039DDBC /* ExpansionSegue.swift in Sources */,
				8FEEC597247C656D00488FCD /* ChatBubbleCellooMi.swift in Sources */,
				8F5B3069247AE35600EE7AA0 /* iMessViewController.swift in Sources */,
				8F756BFF2475EAEE00142787 /* AppDelegate.swift in Sources */,
				8FA9B2EA2491A55C002A9923 /* GifViewController.swift in Sources */,
				8FF9215824799CB70012A637 /* GloballyUsed.swift in Sources */,
				8F756C012475EAEE00142787 /* SceneDelegate.swift in Sources */,
				8F5B306B247AEA1600EE7AA0 /* CrossDissolve.swift in Sources */,
				8F37F93D248EECF000C9CCBF /* iMessTviExtension.swift in Sources */,
				8FA9B2EC2491A753002A9923 /* GIFHandler.swift in Sources */,
			);
			runOnlyForDeploymentPostprocessing = 0;
		};
/* End PBXSourcesBuildPhase section */

/* Begin PBXVariantGroup section */
		8F756C042475EAEE00142787 /* Main.storyboard */ = {
			isa = PBXVariantGroup;
			children = (
				8F756C052475EAEE00142787 /* Base */,
			);
			name = Main.storyboard;
			sourceTree = "<group>";
		};
		8F756C092475EAF400142787 /* LaunchScreen.storyboard */ = {
			isa = PBXVariantGroup;
			children = (
				8F756C0A2475EAF400142787 /* Base */,
			);
			name = LaunchScreen.storyboard;
			sourceTree = "<group>";
		};
/* End PBXVariantGroup section */

/* Begin XCBuildConfiguration section */
		8F756C0D2475EAF400142787 /* Debug */ = {
			isa = XCBuildConfiguration;
			buildSettings = {
				ALWAYS_SEARCH_USER_PATHS = NO;
				CLANG_ANALYZER_NONNULL = YES;
				CLANG_ANALYZER_NUMBER_OBJECT_CONVERSION = YES_AGGRESSIVE;
				CLANG_CXX_LANGUAGE_STANDARD = "gnu++14";
				CLANG_CXX_LIBRARY = "libc++";
				CLANG_ENABLE_MODULES = YES;
				CLANG_ENABLE_OBJC_ARC = YES;
				CLANG_ENABLE_OBJC_WEAK = YES;
				CLANG_WARN_BLOCK_CAPTURE_AUTORELEASING = YES;
				CLANG_WARN_BOOL_CONVERSION = YES;
				CLANG_WARN_COMMA = YES;
				CLANG_WARN_CONSTANT_CONVERSION = YES;
				CLANG_WARN_DEPRECATED_OBJC_IMPLEMENTATIONS = YES;
				CLANG_WARN_DIRECT_OBJC_ISA_USAGE = YES_ERROR;
				CLANG_WARN_DOCUMENTATION_COMMENTS = YES;
				CLANG_WARN_EMPTY_BODY = YES;
				CLANG_WARN_ENUM_CONVERSION = YES;
				CLANG_WARN_INFINITE_RECURSION = YES;
				CLANG_WARN_INT_CONVERSION = YES;
				CLANG_WARN_NON_LITERAL_NULL_CONVERSION = YES;
				CLANG_WARN_OBJC_IMPLICIT_RETAIN_SELF = YES;
				CLANG_WARN_OBJC_LITERAL_CONVERSION = YES;
				CLANG_WARN_OBJC_ROOT_CLASS = YES_ERROR;
				CLANG_WARN_RANGE_LOOP_ANALYSIS = YES;
				CLANG_WARN_STRICT_PROTOTYPES = YES;
				CLANG_WARN_SUSPICIOUS_MOVE = YES;
				CLANG_WARN_UNGUARDED_AVAILABILITY = YES_AGGRESSIVE;
				CLANG_WARN_UNREACHABLE_CODE = YES;
				CLANG_WARN__DUPLICATE_METHOD_MATCH = YES;
				COPY_PHASE_STRIP = NO;
				DEBUG_INFORMATION_FORMAT = dwarf;
				ENABLE_STRICT_OBJC_MSGSEND = YES;
				ENABLE_TESTABILITY = YES;
				GCC_C_LANGUAGE_STANDARD = gnu11;
				GCC_DYNAMIC_NO_PIC = NO;
				GCC_NO_COMMON_BLOCKS = YES;
				GCC_OPTIMIZATION_LEVEL = 0;
				GCC_PREPROCESSOR_DEFINITIONS = (
					"DEBUG=1",
					"$(inherited)",
				);
				GCC_WARN_64_TO_32_BIT_CONVERSION = YES;
				GCC_WARN_ABOUT_RETURN_TYPE = YES_ERROR;
				GCC_WARN_UNDECLARED_SELECTOR = YES;
				GCC_WARN_UNINITIALIZED_AUTOS = YES_AGGRESSIVE;
				GCC_WARN_UNUSED_FUNCTION = YES;
				GCC_WARN_UNUSED_VARIABLE = YES;
				IPHONEOS_DEPLOYMENT_TARGET = 13.4;
				MTL_ENABLE_DEBUG_INFO = INCLUDE_SOURCE;
				MTL_FAST_MATH = YES;
				ONLY_ACTIVE_ARCH = YES;
				SDKROOT = iphoneos;
				SWIFT_ACTIVE_COMPILATION_CONDITIONS = DEBUG;
				SWIFT_OPTIMIZATION_LEVEL = "-Onone";
			};
			name = Debug;
		};
		8F756C0E2475EAF400142787 /* Release */ = {
			isa = XCBuildConfiguration;
			buildSettings = {
				ALWAYS_SEARCH_USER_PATHS = NO;
				CLANG_ANALYZER_NONNULL = YES;
				CLANG_ANALYZER_NUMBER_OBJECT_CONVERSION = YES_AGGRESSIVE;
				CLANG_CXX_LANGUAGE_STANDARD = "gnu++14";
				CLANG_CXX_LIBRARY = "libc++";
				CLANG_ENABLE_MODULES = YES;
				CLANG_ENABLE_OBJC_ARC = YES;
				CLANG_ENABLE_OBJC_WEAK = YES;
				CLANG_WARN_BLOCK_CAPTURE_AUTORELEASING = YES;
				CLANG_WARN_BOOL_CONVERSION = YES;
				CLANG_WARN_COMMA = YES;
				CLANG_WARN_CONSTANT_CONVERSION = YES;
				CLANG_WARN_DEPRECATED_OBJC_IMPLEMENTATIONS = YES;
				CLANG_WARN_DIRECT_OBJC_ISA_USAGE = YES_ERROR;
				CLANG_WARN_DOCUMENTATION_COMMENTS = YES;
				CLANG_WARN_EMPTY_BODY = YES;
				CLANG_WARN_ENUM_CONVERSION = YES;
				CLANG_WARN_INFINITE_RECURSION = YES;
				CLANG_WARN_INT_CONVERSION = YES;
				CLANG_WARN_NON_LITERAL_NULL_CONVERSION = YES;
				CLANG_WARN_OBJC_IMPLICIT_RETAIN_SELF = YES;
				CLANG_WARN_OBJC_LITERAL_CONVERSION = YES;
				CLANG_WARN_OBJC_ROOT_CLASS = YES_ERROR;
				CLANG_WARN_RANGE_LOOP_ANALYSIS = YES;
				CLANG_WARN_STRICT_PROTOTYPES = YES;
				CLANG_WARN_SUSPICIOUS_MOVE = YES;
				CLANG_WARN_UNGUARDED_AVAILABILITY = YES_AGGRESSIVE;
				CLANG_WARN_UNREACHABLE_CODE = YES;
				CLANG_WARN__DUPLICATE_METHOD_MATCH = YES;
				COPY_PHASE_STRIP = NO;
				DEBUG_INFORMATION_FORMAT = "dwarf-with-dsym";
				ENABLE_NS_ASSERTIONS = NO;
				ENABLE_STRICT_OBJC_MSGSEND = YES;
				GCC_C_LANGUAGE_STANDARD = gnu11;
				GCC_NO_COMMON_BLOCKS = YES;
				GCC_WARN_64_TO_32_BIT_CONVERSION = YES;
				GCC_WARN_ABOUT_RETURN_TYPE = YES_ERROR;
				GCC_WARN_UNDECLARED_SELECTOR = YES;
				GCC_WARN_UNINITIALIZED_AUTOS = YES_AGGRESSIVE;
				GCC_WARN_UNUSED_FUNCTION = YES;
				GCC_WARN_UNUSED_VARIABLE = YES;
				IPHONEOS_DEPLOYMENT_TARGET = 13.4;
				MTL_ENABLE_DEBUG_INFO = NO;
				MTL_FAST_MATH = YES;
				SDKROOT = iphoneos;
				SWIFT_COMPILATION_MODE = wholemodule;
				SWIFT_OPTIMIZATION_LEVEL = "-O";
				VALIDATE_PRODUCT = YES;
			};
			name = Release;
		};
		8F756C102475EAF400142787 /* Debug */ = {
			isa = XCBuildConfiguration;
			baseConfigurationReference = 3EE78CDD0CB2899DADF4F808 /* Pods-Connecto.debug.xcconfig */;
			buildSettings = {
				ASSETCATALOG_COMPILER_APPICON_NAME = AppIcon;
				CODE_SIGN_STYLE = Automatic;
				DEVELOPMENT_TEAM = AAPS2WKL6R;
				INFOPLIST_FILE = Connecto/Info.plist;
				LD_RUNPATH_SEARCH_PATHS = (
					"$(inherited)",
					"@executable_path/Frameworks",
				);
				PRODUCT_BUNDLE_IDENTIFIER = com.JerryRen.Connecto;
				PRODUCT_NAME = "$(TARGET_NAME)";
				SWIFT_VERSION = 5.0;
				TARGETED_DEVICE_FAMILY = "1,2";
			};
			name = Debug;
		};
		8F756C112475EAF400142787 /* Release */ = {
			isa = XCBuildConfiguration;
			baseConfigurationReference = 7724E9231B9953BFAE948B61 /* Pods-Connecto.release.xcconfig */;
			buildSettings = {
				ASSETCATALOG_COMPILER_APPICON_NAME = AppIcon;
				CODE_SIGN_STYLE = Automatic;
				DEVELOPMENT_TEAM = AAPS2WKL6R;
				INFOPLIST_FILE = Connecto/Info.plist;
				LD_RUNPATH_SEARCH_PATHS = (
					"$(inherited)",
					"@executable_path/Frameworks",
				);
				PRODUCT_BUNDLE_IDENTIFIER = com.JerryRen.Connecto;
				PRODUCT_NAME = "$(TARGET_NAME)";
				SWIFT_VERSION = 5.0;
				TARGETED_DEVICE_FAMILY = "1,2";
			};
			name = Release;
		};
/* End XCBuildConfiguration section */

/* Begin XCConfigurationList section */
		8F756BF62475EAEE00142787 /* Build configuration list for PBXProject "Connecto" */ = {
			isa = XCConfigurationList;
			buildConfigurations = (
				8F756C0D2475EAF400142787 /* Debug */,
				8F756C0E2475EAF400142787 /* Release */,
			);
			defaultConfigurationIsVisible = 0;
			defaultConfigurationName = Release;
		};
		8F756C0F2475EAF400142787 /* Build configuration list for PBXNativeTarget "Connecto" */ = {
			isa = XCConfigurationList;
			buildConfigurations = (
				8F756C102475EAF400142787 /* Debug */,
				8F756C112475EAF400142787 /* Release */,
			);
			defaultConfigurationIsVisible = 0;
			defaultConfigurationName = Release;
		};
/* End XCConfigurationList section */

/* Begin XCRemoteSwiftPackageReference section */
		8FAF75FF2481B0EB00557525 /* XCRemoteSwiftPackageReference "IQKeyboardManager" */ = {
			isa = XCRemoteSwiftPackageReference;
			repositoryURL = "https://github.com/hackiftekhar/IQKeyboardManager";
			requirement = {
				kind = upToNextMajorVersion;
				minimumVersion = 6.5.5;
			};
		};
/* End XCRemoteSwiftPackageReference section */

/* Begin XCSwiftPackageProductDependency section */
		8FAF76002481B0EB00557525 /* IQKeyboardManagerSwift */ = {
			isa = XCSwiftPackageProductDependency;
			package = 8FAF75FF2481B0EB00557525 /* XCRemoteSwiftPackageReference "IQKeyboardManager" */;
			productName = IQKeyboardManagerSwift;
		};
/* End XCSwiftPackageProductDependency section */
	};
	rootObject = 8F756BF32475EAEE00142787 /* Project object */;
}
